{
  "originHash" : "957b1ed25696e59c7f65a0092ad37a942c768c7b0527d67fc89b83875201765b",
  "pins" : [
    {
      "identity" : "tun2sockskit",
      "kind" : "remoteSourceControl",
      "location" : "https://github.com/EbrahimTahernejad/Tun2SocksKit",
      "state" : {
        "revision" : "48ed2dafaf41c02caaacdcb7007f7e8d646f41b2",
        "version" : "3.6.7"
      }
    }
  ],
  "version" : 3
}
